
Microsoft Visual Studio Solution File, Format Version 12.00
# Visual Studio Version 17
VisualStudioVersion = 17.6.33815.320
MinimumVisualStudioVersion = 10.0.40219.1
Project("{FAE04EC0-301F-11D3-BF4B-00C04F79EFBC}") = "Application", "Application\Application.csproj", "{C4B9F862-76CD-4D85-BA21-D27B4EFEBD1D}"
EndProject
Project("{FAE04EC0-301F-11D3-BF4B-00C04F79EFBC}") = "Infrastructure", "Infrastructure\Infrastructure.csproj", "{F9A3CFC1-3C3F-4386-9136-71CA7EA27ADC}"
EndProject
Project("{FAE04EC0-301F-11D3-BF4B-00C04F79EFBC}") = "Domain", "Domain\Domain.csproj", "{82F02A04-1E8D-44B5-A919-1B7ADA207D2C}"
EndProject
Project("{FAE04EC0-301F-11D3-BF4B-00C04F79EFBC}") = "Persistence", "Persistence\Persistence.csproj", "{AE42D21C-C395-4B6B-89B7-0B06EC8230D7}"
EndProject
Project("{FAE04EC0-301F-11D3-BF4B-00C04F79EFBC}") = "WebHost", "WebHost\WebHost.csproj", "{2A8B98F2-58F5-44A4-93ED-91827BB45BB5}"
EndProject
Global
	GlobalSection(SolutionConfigurationPlatforms) = preSolution
		Debug|Any CPU = Debug|Any CPU
		Release|Any CPU = Release|Any CPU
	EndGlobalSection
	GlobalSection(ProjectConfigurationPlatforms) = postSolution
		{C4B9F862-76CD-4D85-BA21-D27B4EFEBD1D}.Debug|Any CPU.ActiveCfg = Debug|Any CPU
		{C4B9F862-76CD-4D85-BA21-D27B4EFEBD1D}.Debug|Any CPU.Build.0 = Debug|Any CPU
		{C4B9F862-76CD-4D85-BA21-D27B4EFEBD1D}.Release|Any CPU.ActiveCfg = Release|Any CPU
		{C4B9F862-76CD-4D85-BA21-D27B4EFEBD1D}.Release|Any CPU.Build.0 = Release|Any CPU
		{F9A3CFC1-3C3F-4386-9136-71CA7EA27ADC}.Debug|Any CPU.ActiveCfg = Debug|Any CPU
		{F9A3CFC1-3C3F-4386-9136-71CA7EA27ADC}.Debug|Any CPU.Build.0 = Debug|Any CPU
		{F9A3CFC1-3C3F-4386-9136-71CA7EA27ADC}.Release|Any CPU.ActiveCfg = Release|Any CPU
		{F9A3CFC1-3C3F-4386-9136-71CA7EA27ADC}.Release|Any CPU.Build.0 = Release|Any CPU
		{82F02A04-1E8D-44B5-A919-1B7ADA207D2C}.Debug|Any CPU.ActiveCfg = Debug|Any CPU
		{82F02A04-1E8D-44B5-A919-1B7ADA207D2C}.Debug|Any CPU.Build.0 = Debug|Any CPU
		{82F02A04-1E8D-44B5-A919-1B7ADA207D2C}.Release|Any CPU.ActiveCfg = Release|Any CPU
		{82F02A04-1E8D-44B5-A919-1B7ADA207D2C}.Release|Any CPU.Build.0 = Release|Any CPU
		{AE42D21C-C395-4B6B-89B7-0B06EC8230D7}.Debug|Any CPU.ActiveCfg = Debug|Any CPU
		{AE42D21C-C395-4B6B-89B7-0B06EC8230D7}.Debug|Any CPU.Build.0 = Debug|Any CPU
		{AE42D21C-C395-4B6B-89B7-0B06EC8230D7}.Release|Any CPU.ActiveCfg = Release|Any CPU
		{AE42D21C-C395-4B6B-89B7-0B06EC8230D7}.Release|Any CPU.Build.0 = Release|Any CPU
		{2A8B98F2-58F5-44A4-93ED-91827BB45BB5}.Debug|Any CPU.ActiveCfg = Debug|Any CPU
		{2A8B98F2-58F5-44A4-93ED-91827BB45BB5}.Debug|Any CPU.Build.0 = Debug|Any CPU
		{2A8B98F2-58F5-44A4-93ED-91827BB45BB5}.Release|Any CPU.ActiveCfg = Release|Any CPU
		{2A8B98F2-58F5-44A4-93ED-91827BB45BB5}.Release|Any CPU.Build.0 = Release|Any CPU
	EndGlobalSection
	GlobalSection(SolutionProperties) = preSolution
		HideSolutionNode = FALSE
	EndGlobalSection
	GlobalSection(ExtensibilityGlobals) = postSolution
		SolutionGuid = {12A8EF52-AA03-433A-853F-F1E1A9F07A85}
	EndGlobalSection
EndGlobal
